
Microsoft Visual Studio Solution File, Format Version 12.00
# Visual Studio 15
VisualStudioVersion = 15.0.26730.16
MinimumVisualStudioVersion = 10.0.40219.1
Project("{2150E333-8FDC-42A3-9474-1A3956D46DE8}") = "Core Components", "Core Components", "{31F9CF08-1C12-4C79-B99A-745A393BDF54}"
EndProject
Project("{2150E333-8FDC-42A3-9474-1A3956D46DE8}") = "Resources", "Resources", "{026077CE-FDE8-4889-B4E4-433B12120069}"
EndProject
Project("{2150E333-8FDC-42A3-9474-1A3956D46DE8}") = "Authorization Server", "Authorization Server", "{AFFC6795-318B-424F-AED8-92E29C86EC4C}"
EndProject
Project("{2150E333-8FDC-42A3-9474-1A3956D46DE8}") = "Clients", "Clients", "{EBCC993B-10FB-42D1-BDF0-F72D2BD7C654}"
EndProject
Project("{E53339B2-1760-4266-BCC7-CA923CBCF16C}") = "docker-compose", "docker-compose.dcproj", "{1B44FB51-D7CF-4D2A-B68B-61ECA2634475}"
EndProject
Project("{9A19103F-16F7-4668-BE54-9A1E7A4F7556}") = "Murtain.OAuth2.Admin", "Murtain.OAuth2.Admin\Murtain.OAuth2.Admin.csproj", "{56D4A15D-CB63-4DE2-9598-4D8184D34837}"
EndProject
Project("{9A19103F-16F7-4668-BE54-9A1E7A4F7556}") = "Murtain.Configuration", "Murtain.Configuration\Murtain.Configuration.csproj", "{DF443E7B-C1D1-4F87-8D4F-60AC767A85A9}"
EndProject
Project("{9A19103F-16F7-4668-BE54-9A1E7A4F7556}") = "Murtain.Gateway", "Murtain.Gateway\Murtain.Gateway.csproj", "{3CACE0C7-9DED-4637-9D66-BF6C4E3C2A90}"
EndProject
Project("{9A19103F-16F7-4668-BE54-9A1E7A4F7556}") = "Murtain.Resource.Message", "Murtain.Resource.Message\Murtain.Resource.Message.csproj", "{7F5D3AC7-880F-4E70-8611-B0F6B79AB313}"
EndProject
Project("{9A19103F-16F7-4668-BE54-9A1E7A4F7556}") = "Murtain.Resource.Contract", "Murtain.Resource.Contract\Murtain.Resource.Contract.csproj", "{0A01E79A-7AD2-43E5-8D9D-BA0749B3F573}"
EndProject
Project("{9A19103F-16F7-4668-BE54-9A1E7A4F7556}") = "Murtain.Resource.Story", "Murtain.Resource.Story\Murtain.Resource.Story.csproj", "{C1BEB867-BA9A-45F3-8897-C2936DC1C54F}"
EndProject
Project("{9A19103F-16F7-4668-BE54-9A1E7A4F7556}") = "Murtain.Open", "Murtain.Open\Murtain.Open.csproj", "{333DEAC3-AE12-453D-A878-195DA3D90DE6}"
EndProject
Project("{9A19103F-16F7-4668-BE54-9A1E7A4F7556}") = "Murtain.OAuth2", "Murtain.OAuth2\Murtain.OAuth2.csproj", "{0887E2A7-3E49-4996-8F4C-FCA54B383313}"
EndProject
Project("{9A19103F-16F7-4668-BE54-9A1E7A4F7556}") = "Murtain", "Murtain\Murtain.csproj", "{D4D7F2A8-B0F2-47B7-9FA3-3BEA08C727CE}"
EndProject
Project("{9A19103F-16F7-4668-BE54-9A1E7A4F7556}") = "Murtain.EntityFramework", "Murtain.EntityFramework\Murtain.EntityFramework.csproj", "{1678477D-9351-4520-A6ED-B21F68817611}"
EndProject
Project("{2150E333-8FDC-42A3-9474-1A3956D46DE8}") = "Authroization Admin", "Authroization Admin", "{7A8B428A-D4D5-480F-9D38-88E548EDFE55}"
EndProject
Project("{FAE04EC0-301F-11D3-BF4B-00C04F79EFBC}") = "Murtain.Resource.Descovery", "..\Murtain.Resource.Descovery\Murtain.Resource.Descovery.csproj", "{08E505F1-ECA2-4627-9B58-56A86A24F9C5}"
EndProject
Project("{FAE04EC0-301F-11D3-BF4B-00C04F79EFBC}") = "Murtain.Resource.Users", "Murtain.Resource.Users\Murtain.Resource.Users.csproj", "{5CC4F170-456F-42EC-B69C-8F90435BF7D6}"
EndProject
Project("{FAE04EC0-301F-11D3-BF4B-00C04F79EFBC}") = "Murtain.Extensions.Logging", "Murtain.Extensions.Logging\Murtain.Extensions.Logging.csproj", "{4FDC3513-D1F9-4DF3-8EE5-6EB427B086A9}"
EndProject
Project("{FAE04EC0-301F-11D3-BF4B-00C04F79EFBC}") = "Murtain.Extensions.Dependency", "Murtain.Extensions.Dependency\Murtain.Extensions.Dependency.csproj", "{CDF3F83A-354D-4465-9F3E-7BA9AD637CB6}"
EndProject
Project("{FAE04EC0-301F-11D3-BF4B-00C04F79EFBC}") = "Murtain.Extensions.Polly", "Murtain.Extensions.Polly\Murtain.Extensions.Polly.csproj", "{32AFF846-6DC6-4B43-8C06-6DA28C36141E}"
EndProject
Project("{FAE04EC0-301F-11D3-BF4B-00C04F79EFBC}") = "Murtain.Extensions.ServiceDiscovery", "Murtain.Extensions.ServiceDiscovery\Murtain.Extensions.ServiceDiscovery.csproj", "{3B4A3AA0-652F-425A-A533-9AEF56412411}"
EndProject
Project("{FAE04EC0-301F-11D3-BF4B-00C04F79EFBC}") = "Murtain.Extensions.Caching", "Murtain.Extensions.Caching\Murtain.Extensions.Caching.csproj", "{932C9984-42D6-4C9F-B3EA-DAB40FB3489E}"
EndProject
Project("{9A19103F-16F7-4668-BE54-9A1E7A4F7556}") = "Murtain.Extensions.AutoMapper", "Murtain.Extensions.AutoMapper\Murtain.Extensions.AutoMapper.csproj", "{A8DF2841-17B8-4A77-A002-28B161402042}"
EndProject
Project("{FAE04EC0-301F-11D3-BF4B-00C04F79EFBC}") = "Murtain.Extensions.Settings", "Murtain.Extensions.Settings\Murtain.Extensions.Settings.csproj", "{402E1981-9270-49C3-A78E-0F4F6ABD13D9}"
EndProject
Project("{FAE04EC0-301F-11D3-BF4B-00C04F79EFBC}") = "Murtain.Extensions.Gemini", "Murtain.Extensions.Gemini\Murtain.Extensions.Gemini.csproj", "{9E40E778-00CA-4941-B7DB-70BDDA4441CF}"
EndProject
Project("{FAE04EC0-301F-11D3-BF4B-00C04F79EFBC}") = "Murtain.Extensions.Domain", "Murtain.Extensions.Domain\Murtain.Extensions.Domain.csproj", "{4D490FE4-F5DC-4EB3-978C-8E67A67EC355}"
EndProject
Project("{FAE04EC0-301F-11D3-BF4B-00C04F79EFBC}") = "Murtain.Extensions.EntityFramework", "Murtain.Extensions.EntityFramework\Murtain.Extensions.EntityFramework.csproj", "{49049B09-0E9D-4811-8B1A-A58D728E4E4D}"
EndProject
Global
	GlobalSection(SolutionConfigurationPlatforms) = preSolution
		Debug|Any CPU = Debug|Any CPU
		Release|Any CPU = Release|Any CPU
	EndGlobalSection
	GlobalSection(ProjectConfigurationPlatforms) = postSolution
		{1B44FB51-D7CF-4D2A-B68B-61ECA2634475}.Debug|Any CPU.ActiveCfg = Debug|Any CPU
		{1B44FB51-D7CF-4D2A-B68B-61ECA2634475}.Debug|Any CPU.Build.0 = Debug|Any CPU
		{1B44FB51-D7CF-4D2A-B68B-61ECA2634475}.Release|Any CPU.ActiveCfg = Release|Any CPU
		{1B44FB51-D7CF-4D2A-B68B-61ECA2634475}.Release|Any CPU.Build.0 = Release|Any CPU
		{56D4A15D-CB63-4DE2-9598-4D8184D34837}.Debug|Any CPU.ActiveCfg = Debug|Any CPU
		{56D4A15D-CB63-4DE2-9598-4D8184D34837}.Debug|Any CPU.Build.0 = Debug|Any CPU
		{56D4A15D-CB63-4DE2-9598-4D8184D34837}.Release|Any CPU.ActiveCfg = Release|Any CPU
		{56D4A15D-CB63-4DE2-9598-4D8184D34837}.Release|Any CPU.Build.0 = Release|Any CPU
		{DF443E7B-C1D1-4F87-8D4F-60AC767A85A9}.Debug|Any CPU.ActiveCfg = Debug|Any CPU
		{DF443E7B-C1D1-4F87-8D4F-60AC767A85A9}.Debug|Any CPU.Build.0 = Debug|Any CPU
		{DF443E7B-C1D1-4F87-8D4F-60AC767A85A9}.Release|Any CPU.ActiveCfg = Release|Any CPU
		{DF443E7B-C1D1-4F87-8D4F-60AC767A85A9}.Release|Any CPU.Build.0 = Release|Any CPU
		{3CACE0C7-9DED-4637-9D66-BF6C4E3C2A90}.Debug|Any CPU.ActiveCfg = Debug|Any CPU
		{3CACE0C7-9DED-4637-9D66-BF6C4E3C2A90}.Debug|Any CPU.Build.0 = Debug|Any CPU
		{3CACE0C7-9DED-4637-9D66-BF6C4E3C2A90}.Release|Any CPU.ActiveCfg = Release|Any CPU
		{3CACE0C7-9DED-4637-9D66-BF6C4E3C2A90}.Release|Any CPU.Build.0 = Release|Any CPU
		{7F5D3AC7-880F-4E70-8611-B0F6B79AB313}.Debug|Any CPU.ActiveCfg = Debug|Any CPU
		{7F5D3AC7-880F-4E70-8611-B0F6B79AB313}.Debug|Any CPU.Build.0 = Debug|Any CPU
		{7F5D3AC7-880F-4E70-8611-B0F6B79AB313}.Release|Any CPU.ActiveCfg = Release|Any CPU
		{7F5D3AC7-880F-4E70-8611-B0F6B79AB313}.Release|Any CPU.Build.0 = Release|Any CPU
		{0A01E79A-7AD2-43E5-8D9D-BA0749B3F573}.Debug|Any CPU.ActiveCfg = Debug|Any CPU
		{0A01E79A-7AD2-43E5-8D9D-BA0749B3F573}.Debug|Any CPU.Build.0 = Debug|Any CPU
		{0A01E79A-7AD2-43E5-8D9D-BA0749B3F573}.Release|Any CPU.ActiveCfg = Release|Any CPU
		{0A01E79A-7AD2-43E5-8D9D-BA0749B3F573}.Release|Any CPU.Build.0 = Release|Any CPU
		{C1BEB867-BA9A-45F3-8897-C2936DC1C54F}.Debug|Any CPU.ActiveCfg = Debug|Any CPU
		{C1BEB867-BA9A-45F3-8897-C2936DC1C54F}.Debug|Any CPU.Build.0 = Debug|Any CPU
		{C1BEB867-BA9A-45F3-8897-C2936DC1C54F}.Release|Any CPU.ActiveCfg = Release|Any CPU
		{C1BEB867-BA9A-45F3-8897-C2936DC1C54F}.Release|Any CPU.Build.0 = Release|Any CPU
		{333DEAC3-AE12-453D-A878-195DA3D90DE6}.Debug|Any CPU.ActiveCfg = Debug|Any CPU
		{333DEAC3-AE12-453D-A878-195DA3D90DE6}.Debug|Any CPU.Build.0 = Debug|Any CPU
		{333DEAC3-AE12-453D-A878-195DA3D90DE6}.Release|Any CPU.ActiveCfg = Release|Any CPU
		{333DEAC3-AE12-453D-A878-195DA3D90DE6}.Release|Any CPU.Build.0 = Release|Any CPU
		{0887E2A7-3E49-4996-8F4C-FCA54B383313}.Debug|Any CPU.ActiveCfg = Debug|Any CPU
		{0887E2A7-3E49-4996-8F4C-FCA54B383313}.Debug|Any CPU.Build.0 = Debug|Any CPU
		{0887E2A7-3E49-4996-8F4C-FCA54B383313}.Release|Any CPU.ActiveCfg = Release|Any CPU
		{0887E2A7-3E49-4996-8F4C-FCA54B383313}.Release|Any CPU.Build.0 = Release|Any CPU
		{D4D7F2A8-B0F2-47B7-9FA3-3BEA08C727CE}.Debug|Any CPU.ActiveCfg = Debug|Any CPU
		{D4D7F2A8-B0F2-47B7-9FA3-3BEA08C727CE}.Debug|Any CPU.Build.0 = Debug|Any CPU
		{D4D7F2A8-B0F2-47B7-9FA3-3BEA08C727CE}.Release|Any CPU.ActiveCfg = Release|Any CPU
		{D4D7F2A8-B0F2-47B7-9FA3-3BEA08C727CE}.Release|Any CPU.Build.0 = Release|Any CPU
		{1678477D-9351-4520-A6ED-B21F68817611}.Debug|Any CPU.ActiveCfg = Debug|Any CPU
		{1678477D-9351-4520-A6ED-B21F68817611}.Debug|Any CPU.Build.0 = Debug|Any CPU
		{1678477D-9351-4520-A6ED-B21F68817611}.Release|Any CPU.ActiveCfg = Release|Any CPU
		{1678477D-9351-4520-A6ED-B21F68817611}.Release|Any CPU.Build.0 = Release|Any CPU
		{08E505F1-ECA2-4627-9B58-56A86A24F9C5}.Debug|Any CPU.ActiveCfg = Debug|Any CPU
		{08E505F1-ECA2-4627-9B58-56A86A24F9C5}.Debug|Any CPU.Build.0 = Debug|Any CPU
		{08E505F1-ECA2-4627-9B58-56A86A24F9C5}.Release|Any CPU.ActiveCfg = Release|Any CPU
		{08E505F1-ECA2-4627-9B58-56A86A24F9C5}.Release|Any CPU.Build.0 = Release|Any CPU
		{5CC4F170-456F-42EC-B69C-8F90435BF7D6}.Debug|Any CPU.ActiveCfg = Debug|Any CPU
		{5CC4F170-456F-42EC-B69C-8F90435BF7D6}.Debug|Any CPU.Build.0 = Debug|Any CPU
		{5CC4F170-456F-42EC-B69C-8F90435BF7D6}.Release|Any CPU.ActiveCfg = Release|Any CPU
		{5CC4F170-456F-42EC-B69C-8F90435BF7D6}.Release|Any CPU.Build.0 = Release|Any CPU
		{4FDC3513-D1F9-4DF3-8EE5-6EB427B086A9}.Debug|Any CPU.ActiveCfg = Debug|Any CPU
		{4FDC3513-D1F9-4DF3-8EE5-6EB427B086A9}.Debug|Any CPU.Build.0 = Debug|Any CPU
		{4FDC3513-D1F9-4DF3-8EE5-6EB427B086A9}.Release|Any CPU.ActiveCfg = Release|Any CPU
		{4FDC3513-D1F9-4DF3-8EE5-6EB427B086A9}.Release|Any CPU.Build.0 = Release|Any CPU
		{CDF3F83A-354D-4465-9F3E-7BA9AD637CB6}.Debug|Any CPU.ActiveCfg = Debug|Any CPU
		{CDF3F83A-354D-4465-9F3E-7BA9AD637CB6}.Debug|Any CPU.Build.0 = Debug|Any CPU
		{CDF3F83A-354D-4465-9F3E-7BA9AD637CB6}.Release|Any CPU.ActiveCfg = Release|Any CPU
		{CDF3F83A-354D-4465-9F3E-7BA9AD637CB6}.Release|Any CPU.Build.0 = Release|Any CPU
		{32AFF846-6DC6-4B43-8C06-6DA28C36141E}.Debug|Any CPU.ActiveCfg = Debug|Any CPU
		{32AFF846-6DC6-4B43-8C06-6DA28C36141E}.Debug|Any CPU.Build.0 = Debug|Any CPU
		{32AFF846-6DC6-4B43-8C06-6DA28C36141E}.Release|Any CPU.ActiveCfg = Release|Any CPU
		{32AFF846-6DC6-4B43-8C06-6DA28C36141E}.Release|Any CPU.Build.0 = Release|Any CPU
		{3B4A3AA0-652F-425A-A533-9AEF56412411}.Debug|Any CPU.ActiveCfg = Debug|Any CPU
		{3B4A3AA0-652F-425A-A533-9AEF56412411}.Debug|Any CPU.Build.0 = Debug|Any CPU
		{3B4A3AA0-652F-425A-A533-9AEF56412411}.Release|Any CPU.ActiveCfg = Release|Any CPU
		{3B4A3AA0-652F-425A-A533-9AEF56412411}.Release|Any CPU.Build.0 = Release|Any CPU
		{932C9984-42D6-4C9F-B3EA-DAB40FB3489E}.Debug|Any CPU.ActiveCfg = Debug|Any CPU
		{932C9984-42D6-4C9F-B3EA-DAB40FB3489E}.Debug|Any CPU.Build.0 = Debug|Any CPU
		{932C9984-42D6-4C9F-B3EA-DAB40FB3489E}.Release|Any CPU.ActiveCfg = Release|Any CPU
		{932C9984-42D6-4C9F-B3EA-DAB40FB3489E}.Release|Any CPU.Build.0 = Release|Any CPU
		{A8DF2841-17B8-4A77-A002-28B161402042}.Debug|Any CPU.ActiveCfg = Debug|Any CPU
		{A8DF2841-17B8-4A77-A002-28B161402042}.Debug|Any CPU.Build.0 = Debug|Any CPU
		{A8DF2841-17B8-4A77-A002-28B161402042}.Release|Any CPU.ActiveCfg = Release|Any CPU
		{A8DF2841-17B8-4A77-A002-28B161402042}.Release|Any CPU.Build.0 = Release|Any CPU
		{402E1981-9270-49C3-A78E-0F4F6ABD13D9}.Debug|Any CPU.ActiveCfg = Debug|Any CPU
		{402E1981-9270-49C3-A78E-0F4F6ABD13D9}.Debug|Any CPU.Build.0 = Debug|Any CPU
		{402E1981-9270-49C3-A78E-0F4F6ABD13D9}.Release|Any CPU.ActiveCfg = Release|Any CPU
		{402E1981-9270-49C3-A78E-0F4F6ABD13D9}.Release|Any CPU.Build.0 = Release|Any CPU
		{9E40E778-00CA-4941-B7DB-70BDDA4441CF}.Debug|Any CPU.ActiveCfg = Debug|Any CPU
		{9E40E778-00CA-4941-B7DB-70BDDA4441CF}.Debug|Any CPU.Build.0 = Debug|Any CPU
		{9E40E778-00CA-4941-B7DB-70BDDA4441CF}.Release|Any CPU.ActiveCfg = Release|Any CPU
		{9E40E778-00CA-4941-B7DB-70BDDA4441CF}.Release|Any CPU.Build.0 = Release|Any CPU
		{4D490FE4-F5DC-4EB3-978C-8E67A67EC355}.Debug|Any CPU.ActiveCfg = Debug|Any CPU
		{4D490FE4-F5DC-4EB3-978C-8E67A67EC355}.Debug|Any CPU.Build.0 = Debug|Any CPU
		{4D490FE4-F5DC-4EB3-978C-8E67A67EC355}.Release|Any CPU.ActiveCfg = Release|Any CPU
		{4D490FE4-F5DC-4EB3-978C-8E67A67EC355}.Release|Any CPU.Build.0 = Release|Any CPU
		{49049B09-0E9D-4811-8B1A-A58D728E4E4D}.Debug|Any CPU.ActiveCfg = Debug|Any CPU
		{49049B09-0E9D-4811-8B1A-A58D728E4E4D}.Debug|Any CPU.Build.0 = Debug|Any CPU
		{49049B09-0E9D-4811-8B1A-A58D728E4E4D}.Release|Any CPU.ActiveCfg = Release|Any CPU
		{49049B09-0E9D-4811-8B1A-A58D728E4E4D}.Release|Any CPU.Build.0 = Release|Any CPU
	EndGlobalSection
	GlobalSection(SolutionProperties) = preSolution
		HideSolutionNode = FALSE
	EndGlobalSection
	GlobalSection(NestedProjects) = preSolution
		{56D4A15D-CB63-4DE2-9598-4D8184D34837} = {7A8B428A-D4D5-480F-9D38-88E548EDFE55}
		{DF443E7B-C1D1-4F87-8D4F-60AC767A85A9} = {EBCC993B-10FB-42D1-BDF0-F72D2BD7C654}
		{3CACE0C7-9DED-4637-9D66-BF6C4E3C2A90} = {EBCC993B-10FB-42D1-BDF0-F72D2BD7C654}
		{7F5D3AC7-880F-4E70-8611-B0F6B79AB313} = {026077CE-FDE8-4889-B4E4-433B12120069}
		{0A01E79A-7AD2-43E5-8D9D-BA0749B3F573} = {026077CE-FDE8-4889-B4E4-433B12120069}
		{C1BEB867-BA9A-45F3-8897-C2936DC1C54F} = {026077CE-FDE8-4889-B4E4-433B12120069}
		{333DEAC3-AE12-453D-A878-195DA3D90DE6} = {EBCC993B-10FB-42D1-BDF0-F72D2BD7C654}
		{0887E2A7-3E49-4996-8F4C-FCA54B383313} = {AFFC6795-318B-424F-AED8-92E29C86EC4C}
		{D4D7F2A8-B0F2-47B7-9FA3-3BEA08C727CE} = {31F9CF08-1C12-4C79-B99A-745A393BDF54}
		{1678477D-9351-4520-A6ED-B21F68817611} = {31F9CF08-1C12-4C79-B99A-745A393BDF54}
		{08E505F1-ECA2-4627-9B58-56A86A24F9C5} = {026077CE-FDE8-4889-B4E4-433B12120069}
		{5CC4F170-456F-42EC-B69C-8F90435BF7D6} = {026077CE-FDE8-4889-B4E4-433B12120069}
		{4FDC3513-D1F9-4DF3-8EE5-6EB427B086A9} = {31F9CF08-1C12-4C79-B99A-745A393BDF54}
		{CDF3F83A-354D-4465-9F3E-7BA9AD637CB6} = {31F9CF08-1C12-4C79-B99A-745A393BDF54}
		{32AFF846-6DC6-4B43-8C06-6DA28C36141E} = {31F9CF08-1C12-4C79-B99A-745A393BDF54}
		{3B4A3AA0-652F-425A-A533-9AEF56412411} = {31F9CF08-1C12-4C79-B99A-745A393BDF54}
		{932C9984-42D6-4C9F-B3EA-DAB40FB3489E} = {31F9CF08-1C12-4C79-B99A-745A393BDF54}
		{A8DF2841-17B8-4A77-A002-28B161402042} = {31F9CF08-1C12-4C79-B99A-745A393BDF54}
		{402E1981-9270-49C3-A78E-0F4F6ABD13D9} = {31F9CF08-1C12-4C79-B99A-745A393BDF54}
		{9E40E778-00CA-4941-B7DB-70BDDA4441CF} = {31F9CF08-1C12-4C79-B99A-745A393BDF54}
		{4D490FE4-F5DC-4EB3-978C-8E67A67EC355} = {31F9CF08-1C12-4C79-B99A-745A393BDF54}
		{49049B09-0E9D-4811-8B1A-A58D728E4E4D} = {31F9CF08-1C12-4C79-B99A-745A393BDF54}
	EndGlobalSection
	GlobalSection(ExtensibilityGlobals) = postSolution
		SolutionGuid = {55F87001-C6A3-4F1F-8D46-60C64853019F}
	EndGlobalSection
EndGlobal
